
Microsoft Visual Studio Solution File, Format Version 12.00
# Visual Studio Version 17
VisualStudioVersion = 17.7.34202.233
MinimumVisualStudioVersion = 10.0.40219.1
Project("{9A19103F-16F7-4668-BE54-9A1E7A4F7556}") = "PlaywrightNunit", "PlaywrightNunit\PlaywrightNunit.csproj", "{5EF4C0EF-914A-49CC-82AA-73301D81DB10}"
EndProject
Project("{FAE04EC0-301F-11D3-BF4B-00C04F79EFBC}") = "Eaap_test", "Eaap_test\Eaap_test.csproj", "{F1A47F4E-597B-49D3-88CC-0BD934618B09}"
EndProject
Global
	GlobalSection(SolutionConfigurationPlatforms) = preSolution
		Debug|Any CPU = Debug|Any CPU
		Release|Any CPU = Release|Any CPU
	EndGlobalSection
	GlobalSection(ProjectConfigurationPlatforms) = postSolution
		{5EF4C0EF-914A-49CC-82AA-73301D81DB10}.Debug|Any CPU.ActiveCfg = Debug|Any CPU
		{5EF4C0EF-914A-49CC-82AA-73301D81DB10}.Debug|Any CPU.Build.0 = Debug|Any CPU
		{5EF4C0EF-914A-49CC-82AA-73301D81DB10}.Release|Any CPU.ActiveCfg = Release|Any CPU
		{5EF4C0EF-914A-49CC-82AA-73301D81DB10}.Release|Any CPU.Build.0 = Release|Any CPU
		{F1A47F4E-597B-49D3-88CC-0BD934618B09}.Debug|Any CPU.ActiveCfg = Debug|Any CPU
		{F1A47F4E-597B-49D3-88CC-0BD934618B09}.Debug|Any CPU.Build.0 = Debug|Any CPU
		{F1A47F4E-597B-49D3-88CC-0BD934618B09}.Release|Any CPU.ActiveCfg = Release|Any CPU
		{F1A47F4E-597B-49D3-88CC-0BD934618B09}.Release|Any CPU.Build.0 = Release|Any CPU
	EndGlobalSection
	GlobalSection(SolutionProperties) = preSolution
		HideSolutionNode = FALSE
	EndGlobalSection
	GlobalSection(ExtensibilityGlobals) = postSolution
		SolutionGuid = {EAE1E111-4218-4889-830B-2D0178E2B157}
	EndGlobalSection
EndGlobal
